
Microsoft Visual Studio Solution File, Format Version 12.00
# Visual Studio Version 17
VisualStudioVersion = 17.4.33403.182
MinimumVisualStudioVersion = 10.0.40219.1
Project("{FAE04EC0-301F-11D3-BF4B-00C04F79EFBC}") = "Task6", "Task6\Task6.csproj", "{1BA15DB7-5C50-4BC7-AE7A-CF101594B234}"
EndProject
Global
	GlobalSection(SolutionConfigurationPlatforms) = preSolution
		Debug|Any CPU = Debug|Any CPU
		Release|Any CPU = Release|Any CPU
	EndGlobalSection
	GlobalSection(ProjectConfigurationPlatforms) = postSolution
		{1BA15DB7-5C50-4BC7-AE7A-CF101594B234}.Debug|Any CPU.ActiveCfg = Debug|Any CPU
		{1BA15DB7-5C50-4BC7-AE7A-CF101594B234}.Debug|Any CPU.Build.0 = Debug|Any CPU
		{1BA15DB7-5C50-4BC7-AE7A-CF101594B234}.Release|Any CPU.ActiveCfg = Release|Any CPU
		{1BA15DB7-5C50-4BC7-AE7A-CF101594B234}.Release|Any CPU.Build.0 = Release|Any CPU
	EndGlobalSection
	GlobalSection(SolutionProperties) = preSolution
		HideSolutionNode = FALSE
	EndGlobalSection
	GlobalSection(ExtensibilityGlobals) = postSolution
		SolutionGuid = {0E6285C2-9D41-4823-B372-F3DDFB5F449B}
	EndGlobalSection
EndGlobal
