
Microsoft Visual Studio Solution File, Format Version 12.00
# Visual Studio Version 17
VisualStudioVersion = 17.4.33403.182
MinimumVisualStudioVersion = 10.0.40219.1
Project("{FAE04EC0-301F-11D3-BF4B-00C04F79EFBC}") = "Task5", "Task5\Task5.csproj", "{DEDB9BE1-4F89-425F-9515-2CB5A4E29584}"
EndProject
Global
	GlobalSection(SolutionConfigurationPlatforms) = preSolution
		Debug|Any CPU = Debug|Any CPU
		Release|Any CPU = Release|Any CPU
	EndGlobalSection
	GlobalSection(ProjectConfigurationPlatforms) = postSolution
		{DEDB9BE1-4F89-425F-9515-2CB5A4E29584}.Debug|Any CPU.ActiveCfg = Debug|Any CPU
		{DEDB9BE1-4F89-425F-9515-2CB5A4E29584}.Debug|Any CPU.Build.0 = Debug|Any CPU
		{DEDB9BE1-4F89-425F-9515-2CB5A4E29584}.Release|Any CPU.ActiveCfg = Release|Any CPU
		{DEDB9BE1-4F89-425F-9515-2CB5A4E29584}.Release|Any CPU.Build.0 = Release|Any CPU
	EndGlobalSection
	GlobalSection(SolutionProperties) = preSolution
		HideSolutionNode = FALSE
	EndGlobalSection
	GlobalSection(ExtensibilityGlobals) = postSolution
		SolutionGuid = {E6901FA6-014F-482E-8436-59074A6BB857}
	EndGlobalSection
EndGlobal
